{
  "object": {
    "pins": [
      {
        "package": "d3-color",
        "repositoryURL": "https://github.com/igor11191708/d3-color.git",
        "state": {
          "branch": null,
          "revision": "debe2658f12c08119e8f2c64f3f4a5c47fbe83db",
          "version": "2.1.0"
        }
      },
      {
        "package": "d3-menu-bar",
        "repositoryURL": "https://github.com/igor11191708/d3-menu-bar.git",
        "state": {
          "branch": "main",
          "revision": "c6b6e6f8ad536dcdd8a9530f7f3c9b15816c404f",
          "version": null
        }
      }
    ]
  },
  "version": 1
}
