{
  "object": {
    "pins": [
      {
        "package": "d3-color",
        "repositoryURL": "https://github.com/The-Igor/d3-color.git",
        "state": {
          "branch": null,
          "revision": "8adafa4a7627474326d735329761411b583cca8e",
          "version": "2.0.0"
        }
      },
      {
        "package": "d3-menu-bar",
        "repositoryURL": "https://github.com/The-Igor/d3-menu-bar.git",
        "state": {
          "branch": "main",
          "revision": "e69cf0346c6b2bf488978071f580d7e0ffffa368",
          "version": null
        }
      }
    ]
  },
  "version": 1
}
